
Microsoft Visual Studio Solution File, Format Version 12.00
# Visual Studio Version 16
VisualStudioVersion = 16.0.29709.97
MinimumVisualStudioVersion = 10.0.40219.1
Project("{9A19103F-16F7-4668-BE54-9A1E7A4F7556}") = "BlazorAspnetHostedOidcJS.Server", "Server\BlazorAspnetHostedOidcJS.Server.csproj", "{A3CE25A0-D748-484C-9A45-0821F5B705A1}"
EndProject
Project("{9A19103F-16F7-4668-BE54-9A1E7A4F7556}") = "BlazorAspnetHostedOidcJS.Client", "Client\BlazorAspnetHostedOidcJS.Client.csproj", "{16F4A801-A416-41A0-AC09-84A6EB8C514C}"
EndProject
Project("{9A19103F-16F7-4668-BE54-9A1E7A4F7556}") = "BlazorAspnetHostedOidcJS.Shared", "Shared\BlazorAspnetHostedOidcJS.Shared.csproj", "{DF81DFE8-AC35-45FA-A045-399AB4E0D15E}"
EndProject
Global
	GlobalSection(SolutionConfigurationPlatforms) = preSolution
		Debug|Any CPU = Debug|Any CPU
		Release|Any CPU = Release|Any CPU
	EndGlobalSection
	GlobalSection(ProjectConfigurationPlatforms) = postSolution
		{A3CE25A0-D748-484C-9A45-0821F5B705A1}.Debug|Any CPU.ActiveCfg = Debug|Any CPU
		{A3CE25A0-D748-484C-9A45-0821F5B705A1}.Debug|Any CPU.Build.0 = Debug|Any CPU
		{A3CE25A0-D748-484C-9A45-0821F5B705A1}.Release|Any CPU.ActiveCfg = Release|Any CPU
		{A3CE25A0-D748-484C-9A45-0821F5B705A1}.Release|Any CPU.Build.0 = Release|Any CPU
		{16F4A801-A416-41A0-AC09-84A6EB8C514C}.Debug|Any CPU.ActiveCfg = Debug|Any CPU
		{16F4A801-A416-41A0-AC09-84A6EB8C514C}.Debug|Any CPU.Build.0 = Debug|Any CPU
		{16F4A801-A416-41A0-AC09-84A6EB8C514C}.Release|Any CPU.ActiveCfg = Release|Any CPU
		{16F4A801-A416-41A0-AC09-84A6EB8C514C}.Release|Any CPU.Build.0 = Release|Any CPU
		{DF81DFE8-AC35-45FA-A045-399AB4E0D15E}.Debug|Any CPU.ActiveCfg = Debug|Any CPU
		{DF81DFE8-AC35-45FA-A045-399AB4E0D15E}.Debug|Any CPU.Build.0 = Debug|Any CPU
		{DF81DFE8-AC35-45FA-A045-399AB4E0D15E}.Release|Any CPU.ActiveCfg = Release|Any CPU
		{DF81DFE8-AC35-45FA-A045-399AB4E0D15E}.Release|Any CPU.Build.0 = Release|Any CPU
	EndGlobalSection
	GlobalSection(SolutionProperties) = preSolution
		HideSolutionNode = FALSE
	EndGlobalSection
	GlobalSection(ExtensibilityGlobals) = postSolution
		SolutionGuid = {AC3C511A-1CF7-41BC-8EE1-5CE562868DCD}
	EndGlobalSection
EndGlobal
